
Microsoft Visual Studio Solution File, Format Version 12.00
# Visual Studio Version 16
VisualStudioVersion = 16.0.30002.166
MinimumVisualStudioVersion = 10.0.40219.1
Project("{9A19103F-16F7-4668-BE54-9A1E7A4F7556}") = "Api", "Api\Api.csproj", "{095F0F32-5B4F-4353-A246-826656EE690C}"
EndProject
Project("{9A19103F-16F7-4668-BE54-9A1E7A4F7556}") = "Domain", "Domain\Domain.csproj", "{F711AA99-1482-4EE0-AAD9-16BE52677C6C}"
EndProject
Project("{9A19103F-16F7-4668-BE54-9A1E7A4F7556}") = "EFDataAccess", "EFDataAccess\EFDataAccess.csproj", "{CAC6634B-55A0-4E88-B257-7DADEF376317}"
EndProject
Project("{9A19103F-16F7-4668-BE54-9A1E7A4F7556}") = "Implamentation", "Implamentation\Implamentation.csproj", "{B5B46335-0EDC-4B42-B461-FA55982DAD7B}"
EndProject
Project("{FAE04EC0-301F-11D3-BF4B-00C04F79EFBC}") = "Application", "Application\Application.csproj", "{1A8DA4F8-08AC-4865-9212-7697D034E0A1}"
EndProject
Global
	GlobalSection(SolutionConfigurationPlatforms) = preSolution
		Debug|Any CPU = Debug|Any CPU
		Release|Any CPU = Release|Any CPU
	EndGlobalSection
	GlobalSection(ProjectConfigurationPlatforms) = postSolution
		{095F0F32-5B4F-4353-A246-826656EE690C}.Debug|Any CPU.ActiveCfg = Debug|Any CPU
		{095F0F32-5B4F-4353-A246-826656EE690C}.Debug|Any CPU.Build.0 = Debug|Any CPU
		{095F0F32-5B4F-4353-A246-826656EE690C}.Release|Any CPU.ActiveCfg = Release|Any CPU
		{095F0F32-5B4F-4353-A246-826656EE690C}.Release|Any CPU.Build.0 = Release|Any CPU
		{F711AA99-1482-4EE0-AAD9-16BE52677C6C}.Debug|Any CPU.ActiveCfg = Debug|Any CPU
		{F711AA99-1482-4EE0-AAD9-16BE52677C6C}.Debug|Any CPU.Build.0 = Debug|Any CPU
		{F711AA99-1482-4EE0-AAD9-16BE52677C6C}.Release|Any CPU.ActiveCfg = Release|Any CPU
		{F711AA99-1482-4EE0-AAD9-16BE52677C6C}.Release|Any CPU.Build.0 = Release|Any CPU
		{CAC6634B-55A0-4E88-B257-7DADEF376317}.Debug|Any CPU.ActiveCfg = Debug|Any CPU
		{CAC6634B-55A0-4E88-B257-7DADEF376317}.Debug|Any CPU.Build.0 = Debug|Any CPU
		{CAC6634B-55A0-4E88-B257-7DADEF376317}.Release|Any CPU.ActiveCfg = Release|Any CPU
		{CAC6634B-55A0-4E88-B257-7DADEF376317}.Release|Any CPU.Build.0 = Release|Any CPU
		{B5B46335-0EDC-4B42-B461-FA55982DAD7B}.Debug|Any CPU.ActiveCfg = Debug|Any CPU
		{B5B46335-0EDC-4B42-B461-FA55982DAD7B}.Debug|Any CPU.Build.0 = Debug|Any CPU
		{B5B46335-0EDC-4B42-B461-FA55982DAD7B}.Release|Any CPU.ActiveCfg = Release|Any CPU
		{B5B46335-0EDC-4B42-B461-FA55982DAD7B}.Release|Any CPU.Build.0 = Release|Any CPU
		{1A8DA4F8-08AC-4865-9212-7697D034E0A1}.Debug|Any CPU.ActiveCfg = Debug|Any CPU
		{1A8DA4F8-08AC-4865-9212-7697D034E0A1}.Debug|Any CPU.Build.0 = Debug|Any CPU
		{1A8DA4F8-08AC-4865-9212-7697D034E0A1}.Release|Any CPU.ActiveCfg = Release|Any CPU
		{1A8DA4F8-08AC-4865-9212-7697D034E0A1}.Release|Any CPU.Build.0 = Release|Any CPU
	EndGlobalSection
	GlobalSection(SolutionProperties) = preSolution
		HideSolutionNode = FALSE
	EndGlobalSection
	GlobalSection(ExtensibilityGlobals) = postSolution
		SolutionGuid = {96A0F9A1-C5F3-4360-B2BE-4877A2EA5775}
	EndGlobalSection
EndGlobal
